
Microsoft Visual Studio Solution File, Format Version 11.00
# Visual Studio 2010
Project("{FAE04EC0-301F-11D3-BF4B-00C04F79EFBC}") = "Assembly-CSharp", "Assembly-CSharp.csproj", "{BBE6B55B-284D-10F6-43B4-0FAD69D1E2D1}"
EndProject
Project("{FAE04EC0-301F-11D3-BF4B-00C04F79EFBC}") = "com.unity.multiplayer-hlapi.Runtime", "com.unity.multiplayer-hlapi.Runtime.csproj", "{677967E2-7A33-7F90-4E22-00B02E96DB2E}"
EndProject
Project("{FAE04EC0-301F-11D3-BF4B-00C04F79EFBC}") = "UnityEngine.Advertisements", "UnityEngine.Advertisements.csproj", "{4FDCCEF7-FB87-D01F-3070-07B14F371ED5}"
EndProject
Project("{FAE04EC0-301F-11D3-BF4B-00C04F79EFBC}") = "Unity.Analytics.DataPrivacy", "Unity.Analytics.DataPrivacy.csproj", "{5EB72BE4-D019-E17E-CD20-DA828AD574C6}"
EndProject
Project("{FAE04EC0-301F-11D3-BF4B-00C04F79EFBC}") = "UnityEngine.Monetization", "UnityEngine.Monetization.csproj", "{761AE255-607A-C063-7E8F-1AF3A3B1A671}"
EndProject
Project("{FAE04EC0-301F-11D3-BF4B-00C04F79EFBC}") = "UnityEngine.XR.LegacyInputHelpers", "UnityEngine.XR.LegacyInputHelpers.csproj", "{C383468D-0A33-94F6-64B5-FD2528872E4B}"
EndProject
Project("{FAE04EC0-301F-11D3-BF4B-00C04F79EFBC}") = "UnityEngine.SpatialTracking", "UnityEngine.SpatialTracking.csproj", "{F912C968-D16E-7DE8-5440-C8775FBAA020}"
EndProject
Project("{FAE04EC0-301F-11D3-BF4B-00C04F79EFBC}") = "Unity.2D.Sprite.Editor", "Unity.2D.Sprite.Editor.csproj", "{EB6FC149-C3D3-5FE6-5D99-EDE8E344AC2E}"
EndProject
Project("{FAE04EC0-301F-11D3-BF4B-00C04F79EFBC}") = "com.unity.multiplayer-hlapi.Editor", "com.unity.multiplayer-hlapi.Editor.csproj", "{6B278D65-2979-A524-FF4A-0D2E2E737B86}"
EndProject
Project("{FAE04EC0-301F-11D3-BF4B-00C04F79EFBC}") = "Unity.2D.Tilemap.Editor", "Unity.2D.Tilemap.Editor.csproj", "{87E16038-D2D9-4F42-E463-92364D0215EB}"
EndProject
Project("{FAE04EC0-301F-11D3-BF4B-00C04F79EFBC}") = "UnityEditor.XR.LegacyInputHelpers", "UnityEditor.XR.LegacyInputHelpers.csproj", "{09B9DDEE-E79D-AED2-AD84-60F6A390E59B}"
EndProject
Project("{FAE04EC0-301F-11D3-BF4B-00C04F79EFBC}") = "com.unity.multiplayer-weaver.Editor", "com.unity.multiplayer-weaver.Editor.csproj", "{DF7F5DC7-BB10-3DCA-E9E4-9250E1D33870}"
EndProject
Project("{FAE04EC0-301F-11D3-BF4B-00C04F79EFBC}") = "UnityEditor.SpatialTracking", "UnityEditor.SpatialTracking.csproj", "{81692A04-AE43-60EE-EB81-2FCB9056D50F}"
EndProject
Global
	GlobalSection(SolutionConfigurationPlatforms) = preSolution
		Debug|Any CPU = Debug|Any CPU
		Release|Any CPU = Release|Any CPU
	EndGlobalSection
	GlobalSection(ProjectConfigurationPlatforms) = postSolution
		{BBE6B55B-284D-10F6-43B4-0FAD69D1E2D1}.Debug|Any CPU.ActiveCfg = Debug|Any CPU
		{BBE6B55B-284D-10F6-43B4-0FAD69D1E2D1}.Debug|Any CPU.Build.0 = Debug|Any CPU
		{BBE6B55B-284D-10F6-43B4-0FAD69D1E2D1}.Release|Any CPU.ActiveCfg = Release|Any CPU
		{BBE6B55B-284D-10F6-43B4-0FAD69D1E2D1}.Release|Any CPU.Build.0 = Release|Any CPU
		{677967E2-7A33-7F90-4E22-00B02E96DB2E}.Debug|Any CPU.ActiveCfg = Debug|Any CPU
		{677967E2-7A33-7F90-4E22-00B02E96DB2E}.Debug|Any CPU.Build.0 = Debug|Any CPU
		{677967E2-7A33-7F90-4E22-00B02E96DB2E}.Release|Any CPU.ActiveCfg = Release|Any CPU
		{677967E2-7A33-7F90-4E22-00B02E96DB2E}.Release|Any CPU.Build.0 = Release|Any CPU
		{4FDCCEF7-FB87-D01F-3070-07B14F371ED5}.Debug|Any CPU.ActiveCfg = Debug|Any CPU
		{4FDCCEF7-FB87-D01F-3070-07B14F371ED5}.Debug|Any CPU.Build.0 = Debug|Any CPU
		{4FDCCEF7-FB87-D01F-3070-07B14F371ED5}.Release|Any CPU.ActiveCfg = Release|Any CPU
		{4FDCCEF7-FB87-D01F-3070-07B14F371ED5}.Release|Any CPU.Build.0 = Release|Any CPU
		{5EB72BE4-D019-E17E-CD20-DA828AD574C6}.Debug|Any CPU.ActiveCfg = Debug|Any CPU
		{5EB72BE4-D019-E17E-CD20-DA828AD574C6}.Debug|Any CPU.Build.0 = Debug|Any CPU
		{5EB72BE4-D019-E17E-CD20-DA828AD574C6}.Release|Any CPU.ActiveCfg = Release|Any CPU
		{5EB72BE4-D019-E17E-CD20-DA828AD574C6}.Release|Any CPU.Build.0 = Release|Any CPU
		{761AE255-607A-C063-7E8F-1AF3A3B1A671}.Debug|Any CPU.ActiveCfg = Debug|Any CPU
		{761AE255-607A-C063-7E8F-1AF3A3B1A671}.Debug|Any CPU.Build.0 = Debug|Any CPU
		{761AE255-607A-C063-7E8F-1AF3A3B1A671}.Release|Any CPU.ActiveCfg = Release|Any CPU
		{761AE255-607A-C063-7E8F-1AF3A3B1A671}.Release|Any CPU.Build.0 = Release|Any CPU
		{C383468D-0A33-94F6-64B5-FD2528872E4B}.Debug|Any CPU.ActiveCfg = Debug|Any CPU
		{C383468D-0A33-94F6-64B5-FD2528872E4B}.Debug|Any CPU.Build.0 = Debug|Any CPU
		{C383468D-0A33-94F6-64B5-FD2528872E4B}.Release|Any CPU.ActiveCfg = Release|Any CPU
		{C383468D-0A33-94F6-64B5-FD2528872E4B}.Release|Any CPU.Build.0 = Release|Any CPU
		{F912C968-D16E-7DE8-5440-C8775FBAA020}.Debug|Any CPU.ActiveCfg = Debug|Any CPU
		{F912C968-D16E-7DE8-5440-C8775FBAA020}.Debug|Any CPU.Build.0 = Debug|Any CPU
		{F912C968-D16E-7DE8-5440-C8775FBAA020}.Release|Any CPU.ActiveCfg = Release|Any CPU
		{F912C968-D16E-7DE8-5440-C8775FBAA020}.Release|Any CPU.Build.0 = Release|Any CPU
		{EB6FC149-C3D3-5FE6-5D99-EDE8E344AC2E}.Debug|Any CPU.ActiveCfg = Debug|Any CPU
		{EB6FC149-C3D3-5FE6-5D99-EDE8E344AC2E}.Debug|Any CPU.Build.0 = Debug|Any CPU
		{EB6FC149-C3D3-5FE6-5D99-EDE8E344AC2E}.Release|Any CPU.ActiveCfg = Release|Any CPU
		{EB6FC149-C3D3-5FE6-5D99-EDE8E344AC2E}.Release|Any CPU.Build.0 = Release|Any CPU
		{6B278D65-2979-A524-FF4A-0D2E2E737B86}.Debug|Any CPU.ActiveCfg = Debug|Any CPU
		{6B278D65-2979-A524-FF4A-0D2E2E737B86}.Debug|Any CPU.Build.0 = Debug|Any CPU
		{6B278D65-2979-A524-FF4A-0D2E2E737B86}.Release|Any CPU.ActiveCfg = Release|Any CPU
		{6B278D65-2979-A524-FF4A-0D2E2E737B86}.Release|Any CPU.Build.0 = Release|Any CPU
		{87E16038-D2D9-4F42-E463-92364D0215EB}.Debug|Any CPU.ActiveCfg = Debug|Any CPU
		{87E16038-D2D9-4F42-E463-92364D0215EB}.Debug|Any CPU.Build.0 = Debug|Any CPU
		{87E16038-D2D9-4F42-E463-92364D0215EB}.Release|Any CPU.ActiveCfg = Release|Any CPU
		{87E16038-D2D9-4F42-E463-92364D0215EB}.Release|Any CPU.Build.0 = Release|Any CPU
		{09B9DDEE-E79D-AED2-AD84-60F6A390E59B}.Debug|Any CPU.ActiveCfg = Debug|Any CPU
		{09B9DDEE-E79D-AED2-AD84-60F6A390E59B}.Debug|Any CPU.Build.0 = Debug|Any CPU
		{09B9DDEE-E79D-AED2-AD84-60F6A390E59B}.Release|Any CPU.ActiveCfg = Release|Any CPU
		{09B9DDEE-E79D-AED2-AD84-60F6A390E59B}.Release|Any CPU.Build.0 = Release|Any CPU
		{DF7F5DC7-BB10-3DCA-E9E4-9250E1D33870}.Debug|Any CPU.ActiveCfg = Debug|Any CPU
		{DF7F5DC7-BB10-3DCA-E9E4-9250E1D33870}.Debug|Any CPU.Build.0 = Debug|Any CPU
		{DF7F5DC7-BB10-3DCA-E9E4-9250E1D33870}.Release|Any CPU.ActiveCfg = Release|Any CPU
		{DF7F5DC7-BB10-3DCA-E9E4-9250E1D33870}.Release|Any CPU.Build.0 = Release|Any CPU
		{81692A04-AE43-60EE-EB81-2FCB9056D50F}.Debug|Any CPU.ActiveCfg = Debug|Any CPU
		{81692A04-AE43-60EE-EB81-2FCB9056D50F}.Debug|Any CPU.Build.0 = Debug|Any CPU
		{81692A04-AE43-60EE-EB81-2FCB9056D50F}.Release|Any CPU.ActiveCfg = Release|Any CPU
		{81692A04-AE43-60EE-EB81-2FCB9056D50F}.Release|Any CPU.Build.0 = Release|Any CPU
	EndGlobalSection
	GlobalSection(SolutionProperties) = preSolution
		HideSolutionNode = FALSE
	EndGlobalSection
EndGlobal
